{
  "originHash" : "915ca3feb2d65735eacec4b851f8fed5feb194de685d8d22bfd6e3b3e4dfacea",
  "pins" : [
    {
      "identity" : "phonenumberkit",
      "kind" : "remoteSourceControl",
      "location" : "https://github.com/marmelroy/PhoneNumberKit",
      "state" : {
        "revision" : "7b0a5e858b328736d9b7e175b1620f452af6b699",
        "version" : "4.2.4"
      }
    },
    {
      "identity" : "union-cursor",
      "kind" : "remoteSourceControl",
      "location" : "https://github.com/unionst/union-cursor.git",
      "state" : {
        "revision" : "6af34a00f14399318c99d1ba074335866cbd497c",
        "version" : "1.0.0"
      }
    }
  ],
  "version" : 3
}
